
Microsoft Visual Studio Solution File, Format Version 12.00
# Visual Studio Version 17
VisualStudioVersion = 17.10.34928.147
MinimumVisualStudioVersion = 10.0.40219.1
Project("{FAE04EC0-301F-11D3-BF4B-00C04F79EFBC}") = "phr", "phr\phr.csproj", "{CFDEA553-0B0E-4B9A-88F9-2B163489423C}"
EndProject
Global
	GlobalSection(SolutionConfigurationPlatforms) = preSolution
		Debug|Any CPU = Debug|Any CPU
		Release|Any CPU = Release|Any CPU
	EndGlobalSection
	GlobalSection(ProjectConfigurationPlatforms) = postSolution
		{CFDEA553-0B0E-4B9A-88F9-2B163489423C}.Debug|Any CPU.ActiveCfg = Debug|Any CPU
		{CFDEA553-0B0E-4B9A-88F9-2B163489423C}.Debug|Any CPU.Build.0 = Debug|Any CPU
		{CFDEA553-0B0E-4B9A-88F9-2B163489423C}.Release|Any CPU.ActiveCfg = Release|Any CPU
		{CFDEA553-0B0E-4B9A-88F9-2B163489423C}.Release|Any CPU.Build.0 = Release|Any CPU
	EndGlobalSection
	GlobalSection(SolutionProperties) = preSolution
		HideSolutionNode = FALSE
	EndGlobalSection
	GlobalSection(ExtensibilityGlobals) = postSolution
		SolutionGuid = {6052A599-2782-45F8-AE15-FF00EAC381CE}
	EndGlobalSection
EndGlobal
